
Microsoft Visual Studio Solution File, Format Version 12.00
# Visual Studio Version 17
VisualStudioVersion = 17.9.34728.123
MinimumVisualStudioVersion = 10.0.40219.1
Project("{FAE04EC0-301F-11D3-BF4B-00C04F79EFBC}") = "CodexApp", "CodexApp\CodexApp.csproj", "{F05B8E7D-B120-4739-ADAC-92CBF54EA71E}"
EndProject
Global
	GlobalSection(SolutionConfigurationPlatforms) = preSolution
		Debug|Any CPU = Debug|Any CPU
		Release|Any CPU = Release|Any CPU
	EndGlobalSection
	GlobalSection(ProjectConfigurationPlatforms) = postSolution
		{F05B8E7D-B120-4739-ADAC-92CBF54EA71E}.Debug|Any CPU.ActiveCfg = Debug|Any CPU
		{F05B8E7D-B120-4739-ADAC-92CBF54EA71E}.Debug|Any CPU.Build.0 = Debug|Any CPU
		{F05B8E7D-B120-4739-ADAC-92CBF54EA71E}.Release|Any CPU.ActiveCfg = Release|Any CPU
		{F05B8E7D-B120-4739-ADAC-92CBF54EA71E}.Release|Any CPU.Build.0 = Release|Any CPU
	EndGlobalSection
	GlobalSection(SolutionProperties) = preSolution
		HideSolutionNode = FALSE
	EndGlobalSection
	GlobalSection(ExtensibilityGlobals) = postSolution
		SolutionGuid = {BB9C2BE3-E13E-41B2-98AF-8EE5C296E850}
	EndGlobalSection
EndGlobal
